// !$*UTF8*$!
{
	archiveVersion = 1;
	classes = {
	};
	objectVersion = 46;
	objects = {

/* Begin PBXBuildFile section */
		D13F117D1B5B453400CE8B99 /* main.m in Sources */ = {isa = PBXBuildFile; fileRef = D13F117C1B5B453400CE8B99 /* main.m */; };
		D13F11801B5B453400CE8B99 /* AppDelegate.m in Sources */ = {isa = PBXBuildFile; fileRef = D13F117F1B5B453400CE8B99 /* AppDelegate.m */; };
		D13F11831B5B453400CE8B99 /* ViewController.m in Sources */ = {isa = PBXBuildFile; fileRef = D13F11821B5B453400CE8B99 /* ViewController.m */; };
		D13F11861B5B453400CE8B99 /* Main.storyboard in Resources */ = {isa = PBXBuildFile; fileRef = D13F11841B5B453400CE8B99 /* Main.storyboard */; };
		D13F11881B5B453400CE8B99 /* Images.xcassets in Resources */ = {isa = PBXBuildFile; fileRef = D13F11871B5B453400CE8B99 /* Images.xcassets */; };
		D13F118B1B5B453400CE8B99 /* LaunchScreen.xib in Resources */ = {isa = PBXBuildFile; fileRef = D13F11891B5B453400CE8B99 /* LaunchScreen.xib */; };
		D13F11971B5B453400CE8B99 /* UIScrollViewTest01Tests.m in Sources */ = {isa = PBXBuildFile; fileRef = D13F11961B5B453400CE8B99 /* UIScrollViewTest01Tests.m */; };
/* End PBXBuildFile section */

/* Begin PBXContainerItemProxy section */
		D13F11911B5B453400CE8B99 /* PBXContainerItemProxy */ = {
			isa = PBXContainerItemProxy;
			containerPortal = D13F116F1B5B453400CE8B99 /* Project object */;
			proxyType = 1;
			remoteGlobalIDString = D13F11761B5B453400CE8B99;
			remoteInfo = UIScrollViewTest01;
		};
/* End PBXContainerItemProxy section */

/* Begin PBXFileReference section */
		D13F11771B5B453400CE8B99 /* UIScrollViewTest01.app */ = {isa = PBXFileReference; explicitFileType = wrapper.application; includeInIndex = 0; path = UIScrollViewTest01.app; sourceTree = BUILT_PRODUCTS_DIR; };
		D13F117B1B5B453400CE8B99 /* Info.plist */ = {isa = PBXFileReference; lastKnownFileType = text.plist.xml; path = Info.plist; sourceTree = "<group>"; };
		D13F117C1B5B453400CE8B99 /* main.m */ = {isa = PBXFileReference; lastKnownFileType = sourcecode.c.objc; path = main.m; sourceTree = "<group>"; };
		D13F117E1B5B453400CE8B99 /* AppDelegate.h */ = {isa = PBXFileReference; lastKnownFileType = sourcecode.c.h; path = AppDelegate.h; sourceTree = "<group>"; };
		D13F117F1B5B453400CE8B99 /* AppDelegate.m */ = {isa = PBXFileReference; lastKnownFileType = sourcecode.c.objc; path = AppDelegate.m; sourceTree = "<group>"; };
		D13F11811B5B453400CE8B99 /* ViewController.h */ = {isa = PBXFileReference; lastKnownFileType = sourcecode.c.h; path = ViewController.h; sourceTree = "<group>"; };
		D13F11821B5B453400CE8B99 /* ViewController.m */ = {isa = PBXFileReference; lastKnownFileType = sourcecode.c.objc; path = ViewController.m; sourceTree = "<group>"; };
		D13F11851B5B453400CE8B99 /* Base */ = {isa = PBXFileReference; lastKnownFileType = file.storyboard; name = Base; path = Base.lproj/Main.storyboard; sourceTree = "<group>"; };
		D13F11871B5B453400CE8B99 /* Images.xcassets */ = {isa = PBXFileReference; lastKnownFileType = folder.assetcatalog; path = Images.xcassets; sourceTree = "<group>"; };
		D13F118A1B5B453400CE8B99 /* Base */ = {isa = PBXFileReference; lastKnownFileType = file.xib; name = Base; path = Base.lproj/LaunchScreen.xib; sourceTree = "<group>"; };
		D13F11901B5B453400CE8B99 /* UIScrollViewTest01Tests.xctest */ = {isa = PBXFileReference; explicitFileType = wrapper.cfbundle; includeInIndex = 0; path = UIScrollViewTest01Tests.xctest; sourceTree = BUILT_PRODUCTS_DIR; };
		D13F11951B5B453400CE8B99 /* Info.plist */ = {isa = PBXFileReference; lastKnownFileType = text.plist.xml; path = Info.plist; sourceTree = "<group>"; };
		D13F11961B5B453400CE8B99 /* UIScrollViewTest01Tests.m */ = {isa = PBXFileReference; lastKnownFileType = sourcecode.c.objc; path = UIScrollViewTest01Tests.m; sourceTree = "<group>"; };
/* End PBXFileReference section */

/* Begin PBXFrameworksBuildPhase section */
		D13F11741B5B453400CE8B99 /* Frameworks */ = {
			isa = PBXFrameworksBuildPhase;
			buildActionMask = 2147483647;
			files = (
			);
			runOnlyForDeploymentPostprocessing = 0;
		};
		D13F118D1B5B453400CE8B99 /* Frameworks */ = {
			isa = PBXFrameworksBuildPhase;
			buildActionMask = 2147483647;
			files = (
			);
			runOnlyForDeploymentPostprocessing = 0;
		};
/* End PBXFrameworksBuildPhase section */

/* Begin PBXGroup section */
		D13F116E1B5B453400CE8B99 = {
			isa = PBXGroup;
			children = (
				D13F11791B5B453400CE8B99 /* UIScrollViewTest01 */,
				D13F11931B5B453400CE8B99 /* UIScrollViewTest01Tests */,
				D13F11781B5B453400CE8B99 /* Products */,
			);
			sourceTree = "<group>";
		};
		D13F11781B5B453400CE8B99 /* Products */ = {
			isa = PBXGroup;
			children = (
				D13F11771B5B453400CE8B99 /* UIScrollViewTest01.app */,
				D13F11901B5B453400CE8B99 /* UIScrollViewTest01Tests.xctest */,
			);
			name = Products;
			sourceTree = "<group>";
		};
		D13F11791B5B453400CE8B99 /* UIScrollViewTest01 */ = {
			isa = PBXGroup;
			children = (
				D13F117E1B5B453400CE8B99 /* AppDelegate.h */,
				D13F117F1B5B453400CE8B99 /* AppDelegate.m */,
				D13F11811B5B453400CE8B99 /* ViewController.h */,
				D13F11821B5B453400CE8B99 /* ViewController.m */,
				D13F11841B5B453400CE8B99 /* Main.storyboard */,
				D13F11871B5B453400CE8B99 /* Images.xcassets */,
				D13F11891B5B453400CE8B99 /* LaunchScreen.xib */,
				D13F117A1B5B453400CE8B99 /* Supporting Files */,
			);
			path = UIScrollViewTest01;
			sourceTree = "<group>";
		};
		D13F117A1B5B453400CE8B99 /* Supporting Files */ = {
			isa = PBXGroup;
			children = (
				D13F117B1B5B453400CE8B99 /* Info.plist */,
				D13F117C1B5B453400CE8B99 /* main.m */,
			);
			name = "Supporting Files";
			sourceTree = "<group>";
		};
		D13F11931B5B453400CE8B99 /* UIScrollViewTest01Tests */ = {
			isa = PBXGroup;
			children = (
				D13F11961B5B453400CE8B99 /* UIScrollViewTest01Tests.m */,
				D13F11941B5B453400CE8B99 /* Supporting Files */,
			);
			path = UIScrollViewTest01Tests;
			sourceTree = "<group>";
		};
		D13F11941B5B453400CE8B99 /* Supporting Files */ = {
			isa = PBXGroup;
			children = (
				D13F11951B5B453400CE8B99 /* Info.plist */,
			);
			name = "Supporting Files";
			sourceTree = "<group>";
		};
/* End PBXGroup section */

/* Begin PBXNativeTarget section */
		D13F11761B5B453400CE8B99 /* UIScrollViewTest01 */ = {
			isa = PBXNativeTarget;
			buildConfigurationList = D13F119A1B5B453400CE8B99 /* Build configuration list for PBXNativeTarget "UIScrollViewTest01" */;
			buildPhases = (
				D13F11731B5B453400CE8B99 /* Sources */,
				D13F11741B5B453400CE8B99 /* Frameworks */,
				D13F11751B5B453400CE8B99 /* Resources */,
			);
			buildRules = (
			);
			dependencies = (
			);
			name = UIScrollViewTest01;
			productName = UIScrollViewTest01;
			productReference = D13F11771B5B453400CE8B99 /* UIScrollViewTest01.app */;
			productType = "com.apple.product-type.application";
		};
		D13F118F1B5B453400CE8B99 /* UIScrollViewTest01Tests */ = {
			isa = PBXNativeTarget;
			buildConfigurationList = D13F119D1B5B453400CE8B99 /* Build configuration list for PBXNativeTarget "UIScrollViewTest01Tests" */;
			buildPhases = (
				D13F118C1B5B453400CE8B99 /* Sources */,
				D13F118D1B5B453400CE8B99 /* Frameworks */,
				D13F118E1B5B453400CE8B99 /* Resources */,
			);
			buildRules = (
			);
			dependencies = (
				D13F11921B5B453400CE8B99 /* PBXTargetDependency */,
			);
			name = UIScrollViewTest01Tests;
			productName = UIScrollViewTest01Tests;
			productReference = D13F11901B5B453400CE8B99 /* UIScrollViewTest01Tests.xctest */;
			productType = "com.apple.product-type.bundle.unit-test";
		};
/* End PBXNativeTarget section */

/* Begin PBXProject section */
		D13F116F1B5B453400CE8B99 /* Project object */ = {
			isa = PBXProject;
			attributes = {
				LastUpgradeCheck = 0610;
				ORGANIZATIONNAME = goudongqian;
				TargetAttributes = {
					D13F11761B5B453400CE8B99 = {
						CreatedOnToolsVersion = 6.1.1;
					};
					D13F118F1B5B453400CE8B99 = {
						CreatedOnToolsVersion = 6.1.1;
						TestTargetID = D13F11761B5B453400CE8B99;
					};
				};
			};
			buildConfigurationList = D13F11721B5B453400CE8B99 /* Build configuration list for PBXProject "UIScrollViewTest01" */;
			compatibilityVersion = "Xcode 3.2";
			developmentRegion = English;
			hasScannedForEncodings = 0;
			knownRegions = (
				en,
				Base,
			);
			mainGroup = D13F116E1B5B453400CE8B99;
			productRefGroup = D13F11781B5B453400CE8B99 /* Products */;
			projectDirPath = "";
			projectRoot = "";
			targets = (
				D13F11761B5B453400CE8B99 /* UIScrollViewTest01 */,
				D13F118F1B5B453400CE8B99 /* UIScrollViewTest01Tests */,
			);
		};
/* End PBXProject section */

/* Begin PBXResourcesBuildPhase section */
		D13F11751B5B453400CE8B99 /* Resources */ = {
			isa = PBXResourcesBuildPhase;
			buildActionMask = 2147483647;
			files = (
				D13F11861B5B453400CE8B99 /* Main.storyboard in Resources */,
				D13F118B1B5B453400CE8B99 /* LaunchScreen.xib in Resources */,
				D13F11881B5B453400CE8B99 /* Images.xcassets in Resources */,
			);
			runOnlyForDeploymentPostprocessing = 0;
		};
		D13F118E1B5B453400CE8B99 /* Resources */ = {
			isa = PBXResourcesBuildPhase;
			buildActionMask = 2147483647;
			files = (
			);
			runOnlyForDeploymentPostprocessing = 0;
		};
/* End PBXResourcesBuildPhase section */

/* Begin PBXSourcesBuildPhase section */
		D13F11731B5B453400CE8B99 /* Sources */ = {
			isa = PBXSourcesBuildPhase;
			buildActionMask = 2147483647;
			files = (
				D13F11831B5B453400CE8B99 /* ViewController.m in Sources */,
				D13F11801B5B453400CE8B99 /* AppDelegate.m in Sources */,
				D13F117D1B5B453400CE8B99 /* main.m in Sources */,
			);
			runOnlyForDeploymentPostprocessing = 0;
		};
		D13F118C1B5B453400CE8B99 /* Sources */ = {
			isa = PBXSourcesBuildPhase;
			buildActionMask = 2147483647;
			files = (
				D13F11971B5B453400CE8B99 /* UIScrollViewTest01Tests.m in Sources */,
			);
			runOnlyForDeploymentPostprocessing = 0;
		};
/* End PBXSourcesBuildPhase section */

/* Begin PBXTargetDependency section */
		D13F11921B5B453400CE8B99 /* PBXTargetDependency */ = {
			isa = PBXTargetDependency;
			target = D13F11761B5B453400CE8B99 /* UIScrollViewTest01 */;
			targetProxy = D13F11911B5B453400CE8B99 /* PBXContainerItemProxy */;
		};
/* End PBXTargetDependency section */

/* Begin PBXVariantGroup section */
		D13F11841B5B453400CE8B99 /* Main.storyboard */ = {
			isa = PBXVariantGroup;
			children = (
				D13F11851B5B453400CE8B99 /* Base */,
			);
			name = Main.storyboard;
			sourceTree = "<group>";
		};
		D13F11891B5B453400CE8B99 /* LaunchScreen.xib */ = {
			isa = PBXVariantGroup;
			children = (
				D13F118A1B5B453400CE8B99 /* Base */,
			);
			name = LaunchScreen.xib;
			sourceTree = "<group>";
		};
/* End PBXVariantGroup section */

/* Begin XCBuildConfiguration section */
		D13F11981B5B453400CE8B99 /* Debug */ = {
			isa = XCBuildConfiguration;
			buildSettings = {
				ALWAYS_SEARCH_USER_PATHS = NO;
				CLANG_CXX_LANGUAGE_STANDARD = "gnu++0x";
				CLANG_CXX_LIBRARY = "libc++";
				CLANG_ENABLE_MODULES = YES;
				CLANG_ENABLE_OBJC_ARC = YES;
				CLANG_WARN_BOOL_CONVERSION = YES;
				CLANG_WARN_CONSTANT_CONVERSION = YES;
				CLANG_WARN_DIRECT_OBJC_ISA_USAGE = YES_ERROR;
				CLANG_WARN_EMPTY_BODY = YES;
				CLANG_WARN_ENUM_CONVERSION = YES;
				CLANG_WARN_INT_CONVERSION = YES;
				CLANG_WARN_OBJC_ROOT_CLASS = YES_ERROR;
				CLANG_WARN_UNREACHABLE_CODE = YES;
				CLANG_WARN__DUPLICATE_METHOD_MATCH = YES;
				"CODE_SIGN_IDENTITY[sdk=iphoneos*]" = "iPhone Developer";
				COPY_PHASE_STRIP = NO;
				ENABLE_STRICT_OBJC_MSGSEND = YES;
				GCC_C_LANGUAGE_STANDARD = gnu99;
				GCC_DYNAMIC_NO_PIC = NO;
				GCC_OPTIMIZATION_LEVEL = 0;
				GCC_PREPROCESSOR_DEFINITIONS = (
					"DEBUG=1",
					"$(inherited)",
				);
				GCC_SYMBOLS_PRIVATE_EXTERN = NO;
				GCC_WARN_64_TO_32_BIT_CONVERSION = YES;
				GCC_WARN_ABOUT_RETURN_TYPE = YES_ERROR;
				GCC_WARN_UNDECLARED_SELECTOR = YES;
				GCC_WARN_UNINITIALIZED_AUTOS = YES_AGGRESSIVE;
				GCC_WARN_UNUSED_FUNCTION = YES;
				GCC_WARN_UNUSED_VARIABLE = YES;
				IPHONEOS_DEPLOYMENT_TARGET = 8.1;
				MTL_ENABLE_DEBUG_INFO = YES;
				ONLY_ACTIVE_ARCH = YES;
				SDKROOT = iphoneos;
			};
			name = Debug;
		};
		D13F11991B5B453400CE8B99 /* Release */ = {
			isa = XCBuildConfiguration;
			buildSettings = {
				ALWAYS_SEARCH_USER_PATHS = NO;
				CLANG_CXX_LANGUAGE_STANDARD = "gnu++0x";
				CLANG_CXX_LIBRARY = "libc++";
				CLANG_ENABLE_MODULES = YES;
				CLANG_ENABLE_OBJC_ARC = YES;
				CLANG_WARN_BOOL_CONVERSION = YES;
				CLANG_WARN_CONSTANT_CONVERSION = YES;
				CLANG_WARN_DIRECT_OBJC_ISA_USAGE = YES_ERROR;
				CLANG_WARN_EMPTY_BODY = YES;
				CLANG_WARN_ENUM_CONVERSION = YES;
				CLANG_WARN_INT_CONVERSION = YES;
				CLANG_WARN_OBJC_ROOT_CLASS = YES_ERROR;
				CLANG_WARN_UNREACHABLE_CODE = YES;
				CLANG_WARN__DUPLICATE_METHOD_MATCH = YES;
				"CODE_SIGN_IDENTITY[sdk=iphoneos*]" = "iPhone Developer";
				COPY_PHASE_STRIP = YES;
				ENABLE_NS_ASSERTIONS = NO;
				ENABLE_STRICT_OBJC_MSGSEND = YES;
				GCC_C_LANGUAGE_STANDARD = gnu99;
				GCC_WARN_64_TO_32_BIT_CONVERSION = YES;
				GCC_WARN_ABOUT_RETURN_TYPE = YES_ERROR;
				GCC_WARN_UNDECLARED_SELECTOR = YES;
				GCC_WARN_UNINITIALIZED_AUTOS = YES_AGGRESSIVE;
				GCC_WARN_UNUSED_FUNCTION = YES;
				GCC_WARN_UNUSED_VARIABLE = YES;
				IPHONEOS_DEPLOYMENT_TARGET = 8.1;
				MTL_ENABLE_DEBUG_INFO = NO;
				SDKROOT = iphoneos;
				VALIDATE_PRODUCT = YES;
			};
			name = Release;
		};
		D13F119B1B5B453400CE8B99 /* Debug */ = {
			isa = XCBuildConfiguration;
			buildSettings = {
				ASSETCATALOG_COMPILER_APPICON_NAME = AppIcon;
				INFOPLIST_FILE = UIScrollViewTest01/Info.plist;
				LD_RUNPATH_SEARCH_PATHS = "$(inherited) @executable_path/Frameworks";
				PRODUCT_NAME = "$(TARGET_NAME)";
			};
			name = Debug;
		};
		D13F119C1B5B453400CE8B99 /* Release */ = {
			isa = XCBuildConfiguration;
			buildSettings = {
				ASSETCATALOG_COMPILER_APPICON_NAME = AppIcon;
				INFOPLIST_FILE = UIScrollViewTest01/Info.plist;
				LD_RUNPATH_SEARCH_PATHS = "$(inherited) @executable_path/Frameworks";
				PRODUCT_NAME = "$(TARGET_NAME)";
			};
			name = Release;
		};
		D13F119E1B5B453400CE8B99 /* Debug */ = {
			isa = XCBuildConfiguration;
			buildSettings = {
				BUNDLE_LOADER = "$(TEST_HOST)";
				FRAMEWORK_SEARCH_PATHS = (
					"$(SDKROOT)/Developer/Library/Frameworks",
					"$(inherited)",
				);
				GCC_PREPROCESSOR_DEFINITIONS = (
					"DEBUG=1",
					"$(inherited)",
				);
				INFOPLIST_FILE = UIScrollViewTest01Tests/Info.plist;
				LD_RUNPATH_SEARCH_PATHS = "$(inherited) @executable_path/Frameworks @loader_path/Frameworks";
				PRODUCT_NAME = "$(TARGET_NAME)";
				TEST_HOST = "$(BUILT_PRODUCTS_DIR)/UIScrollViewTest01.app/UIScrollViewTest01";
			};
			name = Debug;
		};
		D13F119F1B5B453400CE8B99 /* Release */ = {
			isa = XCBuildConfiguration;
			buildSettings = {
				BUNDLE_LOADER = "$(TEST_HOST)";
				FRAMEWORK_SEARCH_PATHS = (
					"$(SDKROOT)/Developer/Library/Frameworks",
					"$(inherited)",
				);
				INFOPLIST_FILE = UIScrollViewTest01Tests/Info.plist;
				LD_RUNPATH_SEARCH_PATHS = "$(inherited) @executable_path/Frameworks @loader_path/Frameworks";
				PRODUCT_NAME = "$(TARGET_NAME)";
				TEST_HOST = "$(BUILT_PRODUCTS_DIR)/UIScrollViewTest01.app/UIScrollViewTest01";
			};
			name = Release;
		};
/* End XCBuildConfiguration section */

/* Begin XCConfigurationList section */
		D13F11721B5B453400CE8B99 /* Build configuration list for PBXProject "UIScrollViewTest01" */ = {
			isa = XCConfigurationList;
			buildConfigurations = (
				D13F11981B5B453400CE8B99 /* Debug */,
				D13F11991B5B453400CE8B99 /* Release */,
			);
			defaultConfigurationIsVisible = 0;
			defaultConfigurationName = Release;
		};
		D13F119A1B5B453400CE8B99 /* Build configuration list for PBXNativeTarget "UIScrollViewTest01" */ = {
			isa = XCConfigurationList;
			buildConfigurations = (
				D13F119B1B5B453400CE8B99 /* Debug */,
				D13F119C1B5B453400CE8B99 /* Release */,
			);
			defaultConfigurationIsVisible = 0;
		};
		D13F119D1B5B453400CE8B99 /* Build configuration list for PBXNativeTarget "UIScrollViewTest01Tests" */ = {
			isa = XCConfigurationList;
			buildConfigurations = (
				D13F119E1B5B453400CE8B99 /* Debug */,
				D13F119F1B5B453400CE8B99 /* Release */,
			);
			defaultConfigurationIsVisible = 0;
		};
/* End XCConfigurationList section */
	};
	rootObject = D13F116F1B5B453400CE8B99 /* Project object */;
}
